
Microsoft Visual Studio Solution File, Format Version 12.00
# Visual Studio Version 17
VisualStudioVersion = 17.4.33122.133
MinimumVisualStudioVersion = 10.0.40219.1
Project("{FAE04EC0-301F-11D3-BF4B-00C04F79EFBC}") = "trieur_de_mots", "trieur_de_mots.csproj", "{7ADD3718-C166-427F-BF2F-CD0625F5EEBC}"
EndProject
Global
	GlobalSection(SolutionConfigurationPlatforms) = preSolution
		Debug|Any CPU = Debug|Any CPU
		Release|Any CPU = Release|Any CPU
	EndGlobalSection
	GlobalSection(ProjectConfigurationPlatforms) = postSolution
		{7ADD3718-C166-427F-BF2F-CD0625F5EEBC}.Debug|Any CPU.ActiveCfg = Debug|Any CPU
		{7ADD3718-C166-427F-BF2F-CD0625F5EEBC}.Debug|Any CPU.Build.0 = Debug|Any CPU
		{7ADD3718-C166-427F-BF2F-CD0625F5EEBC}.Release|Any CPU.ActiveCfg = Release|Any CPU
		{7ADD3718-C166-427F-BF2F-CD0625F5EEBC}.Release|Any CPU.Build.0 = Release|Any CPU
	EndGlobalSection
	GlobalSection(SolutionProperties) = preSolution
		HideSolutionNode = FALSE
	EndGlobalSection
	GlobalSection(ExtensibilityGlobals) = postSolution
		SolutionGuid = {FFF8DFEA-B96F-4C47-8435-0284F24AF516}
	EndGlobalSection
EndGlobal
